// !$*UTF8*$!
{
	archiveVersion = 1;
	classes = {
	};
	objectVersion = 77;
	objects = {

/* Begin PBXContainerItemProxy section */
		0C6736242D9C915B00969585 /* PBXContainerItemProxy */ = {
			isa = PBXContainerItemProxy;
			containerPortal = 0C67360D2D9C915A00969585 /* Project object */;
			proxyType = 1;
			remoteGlobalIDString = 0C6736142D9C915A00969585;
			remoteInfo = MacSwapMover;
		};
		0C67362E2D9C915B00969585 /* PBXContainerItemProxy */ = {
			isa = PBXContainerItemProxy;
			containerPortal = 0C67360D2D9C915A00969585 /* Project object */;
			proxyType = 1;
			remoteGlobalIDString = 0C6736142D9C915A00969585;
			remoteInfo = MacSwapMover;
		};
/* End PBXContainerItemProxy section */

/* Begin PBXFileReference section */
		0C6736152D9C915A00969585 /* MacSwapMover.app */ = {isa = PBXFileReference; explicitFileType = wrapper.application; includeInIndex = 0; path = MacSwapMover.app; sourceTree = BUILT_PRODUCTS_DIR; };
		0C6736232D9C915B00969585 /* MacSwapMoverTests.xctest */ = {isa = PBXFileReference; explicitFileType = wrapper.cfbundle; includeInIndex = 0; path = MacSwapMoverTests.xctest; sourceTree = BUILT_PRODUCTS_DIR; };
		0C67362D2D9C915B00969585 /* MacSwapMoverUITests.xctest */ = {isa = PBXFileReference; explicitFileType = wrapper.cfbundle; includeInIndex = 0; path = MacSwapMoverUITests.xctest; sourceTree = BUILT_PRODUCTS_DIR; };
/* End PBXFileReference section */

/* Begin PBXFileSystemSynchronizedRootGroup section */
		0C6736172D9C915A00969585 /* MacSwapMover */ = {
			isa = PBXFileSystemSynchronizedRootGroup;
			path = MacSwapMover;
			sourceTree = "<group>";
		};
		0C6736262D9C915B00969585 /* MacSwapMoverTests */ = {
			isa = PBXFileSystemSynchronizedRootGroup;
			path = MacSwapMoverTests;
			sourceTree = "<group>";
		};
		0C6736302D9C915B00969585 /* MacSwapMoverUITests */ = {
			isa = PBXFileSystemSynchronizedRootGroup;
			path = MacSwapMoverUITests;
			sourceTree = "<group>";
		};
/* End PBXFileSystemSynchronizedRootGroup section */

/* Begin PBXFrameworksBuildPhase section */
		0C6736122D9C915A00969585 /* Frameworks */ = {
			isa = PBXFrameworksBuildPhase;
			buildActionMask = 2147483647;
			files = (
			);
			runOnlyForDeploymentPostprocessing = 0;
		};
		0C6736202D9C915B00969585 /* Frameworks */ = {
			isa = PBXFrameworksBuildPhase;
			buildActionMask = 2147483647;
			files = (
			);
			runOnlyForDeploymentPostprocessing = 0;
		};
		0C67362A2D9C915B00969585 /* Frameworks */ = {
			isa = PBXFrameworksBuildPhase;
			buildActionMask = 2147483647;
			files = (
			);
			runOnlyForDeploymentPostprocessing = 0;
		};
/* End PBXFrameworksBuildPhase section */

/* Begin PBXGroup section */
		0C67360C2D9C915A00969585 = {
			isa = PBXGroup;
			children = (
				0C6736172D9C915A00969585 /* MacSwapMover */,
				0C6736262D9C915B00969585 /* MacSwapMoverTests */,
				0C6736302D9C915B00969585 /* MacSwapMoverUITests */,
				0C6736162D9C915A00969585 /* Products */,
			);
			sourceTree = "<group>";
		};
		0C6736162D9C915A00969585 /* Products */ = {
			isa = PBXGroup;
			children = (
				0C6736152D9C915A00969585 /* MacSwapMover.app */,
				0C6736232D9C915B00969585 /* MacSwapMoverTests.xctest */,
				0C67362D2D9C915B00969585 /* MacSwapMoverUITests.xctest */,
			);
			name = Products;
			sourceTree = "<group>";
		};
/* End PBXGroup section */

/* Begin PBXNativeTarget section */
		0C6736142D9C915A00969585 /* MacSwapMover */ = {
			isa = PBXNativeTarget;
			buildConfigurationList = 0C6736372D9C915B00969585 /* Build configuration list for PBXNativeTarget "MacSwapMover" */;
			buildPhases = (
				0C6736112D9C915A00969585 /* Sources */,
				0C6736122D9C915A00969585 /* Frameworks */,
				0C6736132D9C915A00969585 /* Resources */,
			);
			buildRules = (
			);
			dependencies = (
			);
			fileSystemSynchronizedGroups = (
				0C6736172D9C915A00969585 /* MacSwapMover */,
			);
			name = MacSwapMover;
			packageProductDependencies = (
			);
			productName = MacSwapMover;
			productReference = 0C6736152D9C915A00969585 /* MacSwapMover.app */;
			productType = "com.apple.product-type.application";
		};
		0C6736222D9C915B00969585 /* MacSwapMoverTests */ = {
			isa = PBXNativeTarget;
			buildConfigurationList = 0C67363A2D9C915B00969585 /* Build configuration list for PBXNativeTarget "MacSwapMoverTests" */;
			buildPhases = (
				0C67361F2D9C915B00969585 /* Sources */,
				0C6736202D9C915B00969585 /* Frameworks */,
				0C6736212D9C915B00969585 /* Resources */,
			);
			buildRules = (
			);
			dependencies = (
				0C6736252D9C915B00969585 /* PBXTargetDependency */,
			);
			fileSystemSynchronizedGroups = (
				0C6736262D9C915B00969585 /* MacSwapMoverTests */,
			);
			name = MacSwapMoverTests;
			packageProductDependencies = (
			);
			productName = MacSwapMoverTests;
			productReference = 0C6736232D9C915B00969585 /* MacSwapMoverTests.xctest */;
			productType = "com.apple.product-type.bundle.unit-test";
		};
		0C67362C2D9C915B00969585 /* MacSwapMoverUITests */ = {
			isa = PBXNativeTarget;
			buildConfigurationList = 0C67363D2D9C915B00969585 /* Build configuration list for PBXNativeTarget "MacSwapMoverUITests" */;
			buildPhases = (
				0C6736292D9C915B00969585 /* Sources */,
				0C67362A2D9C915B00969585 /* Frameworks */,
				0C67362B2D9C915B00969585 /* Resources */,
			);
			buildRules = (
			);
			dependencies = (
				0C67362F2D9C915B00969585 /* PBXTargetDependency */,
			);
			fileSystemSynchronizedGroups = (
				0C6736302D9C915B00969585 /* MacSwapMoverUITests */,
			);
			name = MacSwapMoverUITests;
			packageProductDependencies = (
			);
			productName = MacSwapMoverUITests;
			productReference = 0C67362D2D9C915B00969585 /* MacSwapMoverUITests.xctest */;
			productType = "com.apple.product-type.bundle.ui-testing";
		};
/* End PBXNativeTarget section */

/* Begin PBXProject section */
		0C67360D2D9C915A00969585 /* Project object */ = {
			isa = PBXProject;
			attributes = {
				BuildIndependentTargetsInParallel = 1;
				LastSwiftUpdateCheck = 1630;
				LastUpgradeCheck = 1630;
				TargetAttributes = {
					0C6736142D9C915A00969585 = {
						CreatedOnToolsVersion = 16.3;
					};
					0C6736222D9C915B00969585 = {
						CreatedOnToolsVersion = 16.3;
						TestTargetID = 0C6736142D9C915A00969585;
					};
					0C67362C2D9C915B00969585 = {
						CreatedOnToolsVersion = 16.3;
						TestTargetID = 0C6736142D9C915A00969585;
					};
				};
			};
			buildConfigurationList = 0C6736102D9C915A00969585 /* Build configuration list for PBXProject "MacSwapMover" */;
			developmentRegion = en;
			hasScannedForEncodings = 0;
			knownRegions = (
				en,
				Base,
			);
			mainGroup = 0C67360C2D9C915A00969585;
			minimizedProjectReferenceProxies = 1;
			preferredProjectObjectVersion = 77;
			productRefGroup = 0C6736162D9C915A00969585 /* Products */;
			projectDirPath = "";
			projectRoot = "";
			targets = (
				0C6736142D9C915A00969585 /* MacSwapMover */,
				0C6736222D9C915B00969585 /* MacSwapMoverTests */,
				0C67362C2D9C915B00969585 /* MacSwapMoverUITests */,
			);
		};
/* End PBXProject section */

/* Begin PBXResourcesBuildPhase section */
		0C6736132D9C915A00969585 /* Resources */ = {
			isa = PBXResourcesBuildPhase;
			buildActionMask = 2147483647;
			files = (
			);
			runOnlyForDeploymentPostprocessing = 0;
		};
		0C6736212D9C915B00969585 /* Resources */ = {
			isa = PBXResourcesBuildPhase;
			buildActionMask = 2147483647;
			files = (
			);
			runOnlyForDeploymentPostprocessing = 0;
		};
		0C67362B2D9C915B00969585 /* Resources */ = {
			isa = PBXResourcesBuildPhase;
			buildActionMask = 2147483647;
			files = (
			);
			runOnlyForDeploymentPostprocessing = 0;
		};
/* End PBXResourcesBuildPhase section */

/* Begin PBXSourcesBuildPhase section */
		0C6736112D9C915A00969585 /* Sources */ = {
			isa = PBXSourcesBuildPhase;
			buildActionMask = 2147483647;
			files = (
			);
			runOnlyForDeploymentPostprocessing = 0;
		};
		0C67361F2D9C915B00969585 /* Sources */ = {
			isa = PBXSourcesBuildPhase;
			buildActionMask = 2147483647;
			files = (
			);
			runOnlyForDeploymentPostprocessing = 0;
		};
		0C6736292D9C915B00969585 /* Sources */ = {
			isa = PBXSourcesBuildPhase;
			buildActionMask = 2147483647;
			files = (
			);
			runOnlyForDeploymentPostprocessing = 0;
		};
/* End PBXSourcesBuildPhase section */

/* Begin PBXTargetDependency section */
		0C6736252D9C915B00969585 /* PBXTargetDependency */ = {
			isa = PBXTargetDependency;
			target = 0C6736142D9C915A00969585 /* MacSwapMover */;
			targetProxy = 0C6736242D9C915B00969585 /* PBXContainerItemProxy */;
		};
		0C67362F2D9C915B00969585 /* PBXTargetDependency */ = {
			isa = PBXTargetDependency;
			target = 0C6736142D9C915A00969585 /* MacSwapMover */;
			targetProxy = 0C67362E2D9C915B00969585 /* PBXContainerItemProxy */;
		};
/* End PBXTargetDependency section */

/* Begin XCBuildConfiguration section */
		0C6736352D9C915B00969585 /* Debug */ = {
			isa = XCBuildConfiguration;
			buildSettings = {
				ALWAYS_SEARCH_USER_PATHS = NO;
				ASSETCATALOG_COMPILER_GENERATE_SWIFT_ASSET_SYMBOL_EXTENSIONS = YES;
				CLANG_ANALYZER_NONNULL = YES;
				CLANG_ANALYZER_NUMBER_OBJECT_CONVERSION = YES_AGGRESSIVE;
				CLANG_CXX_LANGUAGE_STANDARD = "gnu++20";
				CLANG_ENABLE_MODULES = YES;
				CLANG_ENABLE_OBJC_ARC = YES;
				CLANG_ENABLE_OBJC_WEAK = YES;
				CLANG_WARN_BLOCK_CAPTURE_AUTORELEASING = YES;
				CLANG_WARN_BOOL_CONVERSION = YES;
				CLANG_WARN_COMMA = YES;
				CLANG_WARN_CONSTANT_CONVERSION = YES;
				CLANG_WARN_DEPRECATED_OBJC_IMPLEMENTATIONS = YES;
				CLANG_WARN_DIRECT_OBJC_ISA_USAGE = YES_ERROR;
				CLANG_WARN_DOCUMENTATION_COMMENTS = YES;
				CLANG_WARN_EMPTY_BODY = YES;
				CLANG_WARN_ENUM_CONVERSION = YES;
				CLANG_WARN_INFINITE_RECURSION = YES;
				CLANG_WARN_INT_CONVERSION = YES;
				CLANG_WARN_NON_LITERAL_NULL_CONVERSION = YES;
				CLANG_WARN_OBJC_IMPLICIT_RETAIN_SELF = YES;
				CLANG_WARN_OBJC_LITERAL_CONVERSION = YES;
				CLANG_WARN_OBJC_ROOT_CLASS = YES_ERROR;
				CLANG_WARN_QUOTED_INCLUDE_IN_FRAMEWORK_HEADER = YES;
				CLANG_WARN_RANGE_LOOP_ANALYSIS = YES;
				CLANG_WARN_STRICT_PROTOTYPES = YES;
				CLANG_WARN_SUSPICIOUS_MOVE = YES;
				CLANG_WARN_UNGUARDED_AVAILABILITY = YES_AGGRESSIVE;
				CLANG_WARN_UNREACHABLE_CODE = YES;
				CLANG_WARN__DUPLICATE_METHOD_MATCH = YES;
				COPY_PHASE_STRIP = NO;
				DEBUG_INFORMATION_FORMAT = dwarf;
				DEVELOPMENT_TEAM = 57PCGYACA7;
				ENABLE_STRICT_OBJC_MSGSEND = YES;
				ENABLE_TESTABILITY = YES;
				ENABLE_USER_SCRIPT_SANDBOXING = YES;
				GCC_C_LANGUAGE_STANDARD = gnu17;
				GCC_DYNAMIC_NO_PIC = NO;
				GCC_NO_COMMON_BLOCKS = YES;
				GCC_OPTIMIZATION_LEVEL = 0;
				GCC_PREPROCESSOR_DEFINITIONS = (
					"DEBUG=1",
					"$(inherited)",
				);
				GCC_WARN_64_TO_32_BIT_CONVERSION = YES;
				GCC_WARN_ABOUT_RETURN_TYPE = YES_ERROR;
				GCC_WARN_UNDECLARED_SELECTOR = YES;
				GCC_WARN_UNINITIALIZED_AUTOS = YES_AGGRESSIVE;
				GCC_WARN_UNUSED_FUNCTION = YES;
				GCC_WARN_UNUSED_VARIABLE = YES;
				LOCALIZATION_PREFERS_STRING_CATALOGS = YES;
				MACOSX_DEPLOYMENT_TARGET = 15.4;
				MTL_ENABLE_DEBUG_INFO = INCLUDE_SOURCE;
				MTL_FAST_MATH = YES;
				ONLY_ACTIVE_ARCH = YES;
				SDKROOT = macosx;
				SWIFT_ACTIVE_COMPILATION_CONDITIONS = "DEBUG $(inherited)";
				SWIFT_OPTIMIZATION_LEVEL = "-Onone";
			};
			name = Debug;
		};
		0C6736362D9C915B00969585 /* Release */ = {
			isa = XCBuildConfiguration;
			buildSettings = {
				ALWAYS_SEARCH_USER_PATHS = NO;
				ASSETCATALOG_COMPILER_GENERATE_SWIFT_ASSET_SYMBOL_EXTENSIONS = YES;
				CLANG_ANALYZER_NONNULL = YES;
				CLANG_ANALYZER_NUMBER_OBJECT_CONVERSION = YES_AGGRESSIVE;
				CLANG_CXX_LANGUAGE_STANDARD = "gnu++20";
				CLANG_ENABLE_MODULES = YES;
				CLANG_ENABLE_OBJC_ARC = YES;
				CLANG_ENABLE_OBJC_WEAK = YES;
				CLANG_WARN_BLOCK_CAPTURE_AUTORELEASING = YES;
				CLANG_WARN_BOOL_CONVERSION = YES;
				CLANG_WARN_COMMA = YES;
				CLANG_WARN_CONSTANT_CONVERSION = YES;
				CLANG_WARN_DEPRECATED_OBJC_IMPLEMENTATIONS = YES;
				CLANG_WARN_DIRECT_OBJC_ISA_USAGE = YES_ERROR;
				CLANG_WARN_DOCUMENTATION_COMMENTS = YES;
				CLANG_WARN_EMPTY_BODY = YES;
				CLANG_WARN_ENUM_CONVERSION = YES;
				CLANG_WARN_INFINITE_RECURSION = YES;
				CLANG_WARN_INT_CONVERSION = YES;
				CLANG_WARN_NON_LITERAL_NULL_CONVERSION = YES;
				CLANG_WARN_OBJC_IMPLICIT_RETAIN_SELF = YES;
				CLANG_WARN_OBJC_LITERAL_CONVERSION = YES;
				CLANG_WARN_OBJC_ROOT_CLASS = YES_ERROR;
				CLANG_WARN_QUOTED_INCLUDE_IN_FRAMEWORK_HEADER = YES;
				CLANG_WARN_RANGE_LOOP_ANALYSIS = YES;
				CLANG_WARN_STRICT_PROTOTYPES = YES;
				CLANG_WARN_SUSPICIOUS_MOVE = YES;
				CLANG_WARN_UNGUARDED_AVAILABILITY = YES_AGGRESSIVE;
				CLANG_WARN_UNREACHABLE_CODE = YES;
				CLANG_WARN__DUPLICATE_METHOD_MATCH = YES;
				COPY_PHASE_STRIP = NO;
				DEBUG_INFORMATION_FORMAT = "dwarf-with-dsym";
				DEVELOPMENT_TEAM = 57PCGYACA7;
				ENABLE_NS_ASSERTIONS = NO;
				ENABLE_STRICT_OBJC_MSGSEND = YES;
				ENABLE_USER_SCRIPT_SANDBOXING = YES;
				GCC_C_LANGUAGE_STANDARD = gnu17;
				GCC_NO_COMMON_BLOCKS = YES;
				GCC_WARN_64_TO_32_BIT_CONVERSION = YES;
				GCC_WARN_ABOUT_RETURN_TYPE = YES_ERROR;
				GCC_WARN_UNDECLARED_SELECTOR = YES;
				GCC_WARN_UNINITIALIZED_AUTOS = YES_AGGRESSIVE;
				GCC_WARN_UNUSED_FUNCTION = YES;
				GCC_WARN_UNUSED_VARIABLE = YES;
				LOCALIZATION_PREFERS_STRING_CATALOGS = YES;
				MACOSX_DEPLOYMENT_TARGET = 15.4;
				MTL_ENABLE_DEBUG_INFO = NO;
				MTL_FAST_MATH = YES;
				SDKROOT = macosx;
				SWIFT_COMPILATION_MODE = wholemodule;
			};
			name = Release;
		};
		0C6736382D9C915B00969585 /* Debug */ = {
			isa = XCBuildConfiguration;
			buildSettings = {
				ASSETCATALOG_COMPILER_APPICON_NAME = AppIcon;
				ASSETCATALOG_COMPILER_GLOBAL_ACCENT_COLOR_NAME = AccentColor;
				CODE_SIGN_ENTITLEMENTS = MacSwapMover/MacSwapMover.entitlements;
				CODE_SIGN_STYLE = Automatic;
				COMBINE_HIDPI_IMAGES = YES;
				CURRENT_PROJECT_VERSION = 1;
				DEVELOPMENT_TEAM = 57PCGYACA7;
				ENABLE_HARDENED_RUNTIME = YES;
				ENABLE_PREVIEWS = YES;
				GENERATE_INFOPLIST_FILE = YES;
				INFOPLIST_KEY_NSHumanReadableCopyright = "";
				LD_RUNPATH_SEARCH_PATHS = (
					"$(inherited)",
					"@executable_path/../Frameworks",
				);
				MARKETING_VERSION = 1.0;
				PRODUCT_BUNDLE_IDENTIFIER = com.JiaweiRen.MacSwapMover;
				PRODUCT_NAME = "$(TARGET_NAME)";
				REGISTER_APP_GROUPS = YES;
				SWIFT_EMIT_LOC_STRINGS = YES;
				SWIFT_VERSION = 5.0;
			};
			name = Debug;
		};
		0C6736392D9C915B00969585 /* Release */ = {
			isa = XCBuildConfiguration;
			buildSettings = {
				ASSETCATALOG_COMPILER_APPICON_NAME = AppIcon;
				ASSETCATALOG_COMPILER_GLOBAL_ACCENT_COLOR_NAME = AccentColor;
				CODE_SIGN_ENTITLEMENTS = MacSwapMover/MacSwapMover.entitlements;
				CODE_SIGN_STYLE = Automatic;
				COMBINE_HIDPI_IMAGES = YES;
				CURRENT_PROJECT_VERSION = 1;
				DEVELOPMENT_TEAM = 57PCGYACA7;
				ENABLE_HARDENED_RUNTIME = YES;
				ENABLE_PREVIEWS = YES;
				GENERATE_INFOPLIST_FILE = YES;
				INFOPLIST_KEY_NSHumanReadableCopyright = "";
				LD_RUNPATH_SEARCH_PATHS = (
					"$(inherited)",
					"@executable_path/../Frameworks",
				);
				MARKETING_VERSION = 1.0;
				PRODUCT_BUNDLE_IDENTIFIER = com.JiaweiRen.MacSwapMover;
				PRODUCT_NAME = "$(TARGET_NAME)";
				REGISTER_APP_GROUPS = YES;
				SWIFT_EMIT_LOC_STRINGS = YES;
				SWIFT_VERSION = 5.0;
			};
			name = Release;
		};
		0C67363B2D9C915B00969585 /* Debug */ = {
			isa = XCBuildConfiguration;
			buildSettings = {
				BUNDLE_LOADER = "$(TEST_HOST)";
				CODE_SIGN_STYLE = Automatic;
				CURRENT_PROJECT_VERSION = 1;
				DEVELOPMENT_TEAM = 57PCGYACA7;
				GENERATE_INFOPLIST_FILE = YES;
				MACOSX_DEPLOYMENT_TARGET = 15.4;
				MARKETING_VERSION = 1.0;
				PRODUCT_BUNDLE_IDENTIFIER = com.JiaweiRen.MacSwapMoverTests;
				PRODUCT_NAME = "$(TARGET_NAME)";
				SWIFT_EMIT_LOC_STRINGS = NO;
				SWIFT_VERSION = 5.0;
				TEST_HOST = "$(BUILT_PRODUCTS_DIR)/MacSwapMover.app/$(BUNDLE_EXECUTABLE_FOLDER_PATH)/MacSwapMover";
			};
			name = Debug;
		};
		0C67363C2D9C915B00969585 /* Release */ = {
			isa = XCBuildConfiguration;
			buildSettings = {
				BUNDLE_LOADER = "$(TEST_HOST)";
				CODE_SIGN_STYLE = Automatic;
				CURRENT_PROJECT_VERSION = 1;
				DEVELOPMENT_TEAM = 57PCGYACA7;
				GENERATE_INFOPLIST_FILE = YES;
				MACOSX_DEPLOYMENT_TARGET = 15.4;
				MARKETING_VERSION = 1.0;
				PRODUCT_BUNDLE_IDENTIFIER = com.JiaweiRen.MacSwapMoverTests;
				PRODUCT_NAME = "$(TARGET_NAME)";
				SWIFT_EMIT_LOC_STRINGS = NO;
				SWIFT_VERSION = 5.0;
				TEST_HOST = "$(BUILT_PRODUCTS_DIR)/MacSwapMover.app/$(BUNDLE_EXECUTABLE_FOLDER_PATH)/MacSwapMover";
			};
			name = Release;
		};
		0C67363E2D9C915B00969585 /* Debug */ = {
			isa = XCBuildConfiguration;
			buildSettings = {
				CODE_SIGN_STYLE = Automatic;
				CURRENT_PROJECT_VERSION = 1;
				DEVELOPMENT_TEAM = 57PCGYACA7;
				GENERATE_INFOPLIST_FILE = YES;
				MARKETING_VERSION = 1.0;
				PRODUCT_BUNDLE_IDENTIFIER = com.JiaweiRen.MacSwapMoverUITests;
				PRODUCT_NAME = "$(TARGET_NAME)";
				SWIFT_EMIT_LOC_STRINGS = NO;
				SWIFT_VERSION = 5.0;
				TEST_TARGET_NAME = MacSwapMover;
			};
			name = Debug;
		};
		0C67363F2D9C915B00969585 /* Release */ = {
			isa = XCBuildConfiguration;
			buildSettings = {
				CODE_SIGN_STYLE = Automatic;
				CURRENT_PROJECT_VERSION = 1;
				DEVELOPMENT_TEAM = 57PCGYACA7;
				GENERATE_INFOPLIST_FILE = YES;
				MARKETING_VERSION = 1.0;
				PRODUCT_BUNDLE_IDENTIFIER = com.JiaweiRen.MacSwapMoverUITests;
				PRODUCT_NAME = "$(TARGET_NAME)";
				SWIFT_EMIT_LOC_STRINGS = NO;
				SWIFT_VERSION = 5.0;
				TEST_TARGET_NAME = MacSwapMover;
			};
			name = Release;
		};
/* End XCBuildConfiguration section */

/* Begin XCConfigurationList section */
		0C6736102D9C915A00969585 /* Build configuration list for PBXProject "MacSwapMover" */ = {
			isa = XCConfigurationList;
			buildConfigurations = (
				0C6736352D9C915B00969585 /* Debug */,
				0C6736362D9C915B00969585 /* Release */,
			);
			defaultConfigurationIsVisible = 0;
			defaultConfigurationName = Release;
		};
		0C6736372D9C915B00969585 /* Build configuration list for PBXNativeTarget "MacSwapMover" */ = {
			isa = XCConfigurationList;
			buildConfigurations = (
				0C6736382D9C915B00969585 /* Debug */,
				0C6736392D9C915B00969585 /* Release */,
			);
			defaultConfigurationIsVisible = 0;
			defaultConfigurationName = Release;
		};
		0C67363A2D9C915B00969585 /* Build configuration list for PBXNativeTarget "MacSwapMoverTests" */ = {
			isa = XCConfigurationList;
			buildConfigurations = (
				0C67363B2D9C915B00969585 /* Debug */,
				0C67363C2D9C915B00969585 /* Release */,
			);
			defaultConfigurationIsVisible = 0;
			defaultConfigurationName = Release;
		};
		0C67363D2D9C915B00969585 /* Build configuration list for PBXNativeTarget "MacSwapMoverUITests" */ = {
			isa = XCConfigurationList;
			buildConfigurations = (
				0C67363E2D9C915B00969585 /* Debug */,
				0C67363F2D9C915B00969585 /* Release */,
			);
			defaultConfigurationIsVisible = 0;
			defaultConfigurationName = Release;
		};
/* End XCConfigurationList section */
	};
	rootObject = 0C67360D2D9C915A00969585 /* Project object */;
}
